// !$*UTF8*$!
{
	archiveVersion = 1;
	classes = {
	};
	objectVersion = 55;
	objects = {

/* Begin PBXBuildFile section */
		FA64002028D865B900C9D104 /* ViewController.swift in Sources */ = {isa = PBXBuildFile; fileRef = FA64001F28D865B900C9D104 /* ViewController.swift */; };
		FA64002328D865B900C9D104 /* Main.storyboard in Resources */ = {isa = PBXBuildFile; fileRef = FA64002128D865B900C9D104 /* Main.storyboard */; };
		FA64002528D865BA00C9D104 /* Assets.xcassets in Resources */ = {isa = PBXBuildFile; fileRef = FA64002428D865BA00C9D104 /* Assets.xcassets */; };
		FA64002828D865BA00C9D104 /* LaunchScreen.storyboard in Resources */ = {isa = PBXBuildFile; fileRef = FA64002628D865BA00C9D104 /* LaunchScreen.storyboard */; };
		FA64003028D865D900C9D104 /* RickAndMorty.swift in Sources */ = {isa = PBXBuildFile; fileRef = FA64002F28D865D900C9D104 /* RickAndMorty.swift */; };
		FA64003828D8D8EE00C9D104 /* AppDelegate.swift in Sources */ = {isa = PBXBuildFile; fileRef = FA64003728D8D8EE00C9D104 /* AppDelegate.swift */; };
		FA64003A28D8D8FC00C9D104 /* SceneDelegate.swift in Sources */ = {isa = PBXBuildFile; fileRef = FA64003928D8D8FC00C9D104 /* SceneDelegate.swift */; };
/* End PBXBuildFile section */

/* Begin PBXFileReference section */
		FA64001828D865B900C9D104 /* RickandMortyFinalAPP.app */ = {isa = PBXFileReference; explicitFileType = wrapper.application; includeInIndex = 0; path = RickandMortyFinalAPP.app; sourceTree = BUILT_PRODUCTS_DIR; };
		FA64001F28D865B900C9D104 /* ViewController.swift */ = {isa = PBXFileReference; lastKnownFileType = sourcecode.swift; path = ViewController.swift; sourceTree = "<group>"; };
		FA64002228D865B900C9D104 /* Base */ = {isa = PBXFileReference; lastKnownFileType = file.storyboard; name = Base; path = Base.lproj/Main.storyboard; sourceTree = "<group>"; };
		FA64002428D865BA00C9D104 /* Assets.xcassets */ = {isa = PBXFileReference; lastKnownFileType = folder.assetcatalog; path = Assets.xcassets; sourceTree = "<group>"; };
		FA64002728D865BA00C9D104 /* Base */ = {isa = PBXFileReference; lastKnownFileType = file.storyboard; name = Base; path = Base.lproj/LaunchScreen.storyboard; sourceTree = "<group>"; };
		FA64002928D865BA00C9D104 /* Info.plist */ = {isa = PBXFileReference; lastKnownFileType = text.plist.xml; path = Info.plist; sourceTree = "<group>"; };
		FA64002F28D865D900C9D104 /* RickAndMorty.swift */ = {isa = PBXFileReference; lastKnownFileType = sourcecode.swift; path = RickAndMorty.swift; sourceTree = "<group>"; };
		FA64003728D8D8EE00C9D104 /* AppDelegate.swift */ = {isa = PBXFileReference; lastKnownFileType = sourcecode.swift; path = AppDelegate.swift; sourceTree = "<group>"; };
		FA64003928D8D8FC00C9D104 /* SceneDelegate.swift */ = {isa = PBXFileReference; lastKnownFileType = sourcecode.swift; path = SceneDelegate.swift; sourceTree = "<group>"; };
/* End PBXFileReference section */

/* Begin PBXFrameworksBuildPhase section */
		FA64001528D865B900C9D104 /* Frameworks */ = {
			isa = PBXFrameworksBuildPhase;
			buildActionMask = 2147483647;
			files = (
			);
			runOnlyForDeploymentPostprocessing = 0;
		};
/* End PBXFrameworksBuildPhase section */

/* Begin PBXGroup section */
		FA64000F28D865B900C9D104 = {
			isa = PBXGroup;
			children = (
				FA64001A28D865B900C9D104 /* RickandMortyFinalAPP */,
				FA64001928D865B900C9D104 /* Products */,
			);
			sourceTree = "<group>";
		};
		FA64001928D865B900C9D104 /* Products */ = {
			isa = PBXGroup;
			children = (
				FA64001828D865B900C9D104 /* RickandMortyFinalAPP.app */,
			);
			name = Products;
			sourceTree = "<group>";
		};
		FA64001A28D865B900C9D104 /* RickandMortyFinalAPP */ = {
			isa = PBXGroup;
			children = (
				FA64003128D865DF00C9D104 /* Models */,
				FA64003D28D8DA1200C9D104 /* ViewControllers */,
				FA64003E28D8DA6100C9D104 /* StoryBoards */,
				FA64003C28D8D9E900C9D104 /* ServiceFiles */,
				FA64002428D865BA00C9D104 /* Assets.xcassets */,
				FA64002928D865BA00C9D104 /* Info.plist */,
			);
			path = RickandMortyFinalAPP;
			sourceTree = "<group>";
		};
		FA64003128D865DF00C9D104 /* Models */ = {
			isa = PBXGroup;
			children = (
				FA64002F28D865D900C9D104 /* RickAndMorty.swift */,
			);
			path = Models;
			sourceTree = "<group>";
		};
		FA64003C28D8D9E900C9D104 /* ServiceFiles */ = {
			isa = PBXGroup;
			children = (
				FA64003728D8D8EE00C9D104 /* AppDelegate.swift */,
				FA64003928D8D8FC00C9D104 /* SceneDelegate.swift */,
			);
			name = ServiceFiles;
			path = StoryBoards/ServiceFiles;
			sourceTree = "<group>";
		};
		FA64003D28D8DA1200C9D104 /* ViewControllers */ = {
			isa = PBXGroup;
			children = (
				FA64001F28D865B900C9D104 /* ViewController.swift */,
			);
			path = ViewControllers;
			sourceTree = "<group>";
		};
		FA64003E28D8DA6100C9D104 /* StoryBoards */ = {
			isa = PBXGroup;
			children = (
				FA64002128D865B900C9D104 /* Main.storyboard */,
				FA64002628D865BA00C9D104 /* LaunchScreen.storyboard */,
			);
			path = StoryBoards;
			sourceTree = "<group>";
		};
/* End PBXGroup section */

/* Begin PBXNativeTarget section */
		FA64001728D865B900C9D104 /* RickandMortyFinalAPP */ = {
			isa = PBXNativeTarget;
			buildConfigurationList = FA64002C28D865BA00C9D104 /* Build configuration list for PBXNativeTarget "RickandMortyFinalAPP" */;
			buildPhases = (
				FA64001428D865B900C9D104 /* Sources */,
				FA64001528D865B900C9D104 /* Frameworks */,
				FA64001628D865B900C9D104 /* Resources */,
			);
			buildRules = (
			);
			dependencies = (
			);
			name = RickandMortyFinalAPP;
			productName = RickandMortyFinalAPP;
			productReference = FA64001828D865B900C9D104 /* RickandMortyFinalAPP.app */;
			productType = "com.apple.product-type.application";
		};
/* End PBXNativeTarget section */

/* Begin PBXProject section */
		FA64001028D865B900C9D104 /* Project object */ = {
			isa = PBXProject;
			attributes = {
				BuildIndependentTargetsInParallel = 1;
				LastSwiftUpdateCheck = 1320;
				LastUpgradeCheck = 1320;
				TargetAttributes = {
					FA64001728D865B900C9D104 = {
						CreatedOnToolsVersion = 13.2.1;
					};
				};
			};
			buildConfigurationList = FA64001328D865B900C9D104 /* Build configuration list for PBXProject "RickandMortyFinalAPP" */;
			compatibilityVersion = "Xcode 13.0";
			developmentRegion = en;
			hasScannedForEncodings = 0;
			knownRegions = (
				en,
				Base,
			);
			mainGroup = FA64000F28D865B900C9D104;
			productRefGroup = FA64001928D865B900C9D104 /* Products */;
			projectDirPath = "";
			projectRoot = "";
			targets = (
				FA64001728D865B900C9D104 /* RickandMortyFinalAPP */,
			);
		};
/* End PBXProject section */

/* Begin PBXResourcesBuildPhase section */
		FA64001628D865B900C9D104 /* Resources */ = {
			isa = PBXResourcesBuildPhase;
			buildActionMask = 2147483647;
			files = (
				FA64002828D865BA00C9D104 /* LaunchScreen.storyboard in Resources */,
				FA64002528D865BA00C9D104 /* Assets.xcassets in Resources */,
				FA64002328D865B900C9D104 /* Main.storyboard in Resources */,
			);
			runOnlyForDeploymentPostprocessing = 0;
		};
/* End PBXResourcesBuildPhase section */

/* Begin PBXSourcesBuildPhase section */
		FA64001428D865B900C9D104 /* Sources */ = {
			isa = PBXSourcesBuildPhase;
			buildActionMask = 2147483647;
			files = (
				FA64003A28D8D8FC00C9D104 /* SceneDelegate.swift in Sources */,
				FA64003828D8D8EE00C9D104 /* AppDelegate.swift in Sources */,
				FA64003028D865D900C9D104 /* RickAndMorty.swift in Sources */,
				FA64002028D865B900C9D104 /* ViewController.swift in Sources */,
			);
			runOnlyForDeploymentPostprocessing = 0;
		};
/* End PBXSourcesBuildPhase section */

/* Begin PBXVariantGroup section */
		FA64002128D865B900C9D104 /* Main.storyboard */ = {
			isa = PBXVariantGroup;
			children = (
				FA64002228D865B900C9D104 /* Base */,
			);
			name = Main.storyboard;
			sourceTree = "<group>";
		};
		FA64002628D865BA00C9D104 /* LaunchScreen.storyboard */ = {
			isa = PBXVariantGroup;
			children = (
				FA64002728D865BA00C9D104 /* Base */,
			);
			name = LaunchScreen.storyboard;
			sourceTree = "<group>";
		};
/* End PBXVariantGroup section */

/* Begin XCBuildConfiguration section */
		FA64002A28D865BA00C9D104 /* Debug */ = {
			isa = XCBuildConfiguration;
			buildSettings = {
				ALWAYS_SEARCH_USER_PATHS = NO;
				CLANG_ANALYZER_NONNULL = YES;
				CLANG_ANALYZER_NUMBER_OBJECT_CONVERSION = YES_AGGRESSIVE;
				CLANG_CXX_LANGUAGE_STANDARD = "gnu++17";
				CLANG_CXX_LIBRARY = "libc++";
				CLANG_ENABLE_MODULES = YES;
				CLANG_ENABLE_OBJC_ARC = YES;
				CLANG_ENABLE_OBJC_WEAK = YES;
				CLANG_WARN_BLOCK_CAPTURE_AUTORELEASING = YES;
				CLANG_WARN_BOOL_CONVERSION = YES;
				CLANG_WARN_COMMA = YES;
				CLANG_WARN_CONSTANT_CONVERSION = YES;
				CLANG_WARN_DEPRECATED_OBJC_IMPLEMENTATIONS = YES;
				CLANG_WARN_DIRECT_OBJC_ISA_USAGE = YES_ERROR;
				CLANG_WARN_DOCUMENTATION_COMMENTS = YES;
				CLANG_WARN_EMPTY_BODY = YES;
				CLANG_WARN_ENUM_CONVERSION = YES;
				CLANG_WARN_INFINITE_RECURSION = YES;
				CLANG_WARN_INT_CONVERSION = YES;
				CLANG_WARN_NON_LITERAL_NULL_CONVERSION = YES;
				CLANG_WARN_OBJC_IMPLICIT_RETAIN_SELF = YES;
				CLANG_WARN_OBJC_LITERAL_CONVERSION = YES;
				CLANG_WARN_OBJC_ROOT_CLASS = YES_ERROR;
				CLANG_WARN_QUOTED_INCLUDE_IN_FRAMEWORK_HEADER = YES;
				CLANG_WARN_RANGE_LOOP_ANALYSIS = YES;
				CLANG_WARN_STRICT_PROTOTYPES = YES;
				CLANG_WARN_SUSPICIOUS_MOVE = YES;
				CLANG_WARN_UNGUARDED_AVAILABILITY = YES_AGGRESSIVE;
				CLANG_WARN_UNREACHABLE_CODE = YES;
				CLANG_WARN__DUPLICATE_METHOD_MATCH = YES;
				COPY_PHASE_STRIP = NO;
				DEBUG_INFORMATION_FORMAT = dwarf;
				ENABLE_STRICT_OBJC_MSGSEND = YES;
				ENABLE_TESTABILITY = YES;
				GCC_C_LANGUAGE_STANDARD = gnu11;
				GCC_DYNAMIC_NO_PIC = NO;
				GCC_NO_COMMON_BLOCKS = YES;
				GCC_OPTIMIZATION_LEVEL = 0;
				GCC_PREPROCESSOR_DEFINITIONS = (
					"DEBUG=1",
					"$(inherited)",
				);
				GCC_WARN_64_TO_32_BIT_CONVERSION = YES;
				GCC_WARN_ABOUT_RETURN_TYPE = YES_ERROR;
				GCC_WARN_UNDECLARED_SELECTOR = YES;
				GCC_WARN_UNINITIALIZED_AUTOS = YES_AGGRESSIVE;
				GCC_WARN_UNUSED_FUNCTION = YES;
				GCC_WARN_UNUSED_VARIABLE = YES;
				IPHONEOS_DEPLOYMENT_TARGET = 15.2;
				MTL_ENABLE_DEBUG_INFO = INCLUDE_SOURCE;
				MTL_FAST_MATH = YES;
				ONLY_ACTIVE_ARCH = YES;
				SDKROOT = iphoneos;
				SWIFT_ACTIVE_COMPILATION_CONDITIONS = DEBUG;
				SWIFT_OPTIMIZATION_LEVEL = "-Onone";
			};
			name = Debug;
		};
		FA64002B28D865BA00C9D104 /* Release */ = {
			isa = XCBuildConfiguration;
			buildSettings = {
				ALWAYS_SEARCH_USER_PATHS = NO;
				CLANG_ANALYZER_NONNULL = YES;
				CLANG_ANALYZER_NUMBER_OBJECT_CONVERSION = YES_AGGRESSIVE;
				CLANG_CXX_LANGUAGE_STANDARD = "gnu++17";
				CLANG_CXX_LIBRARY = "libc++";
				CLANG_ENABLE_MODULES = YES;
				CLANG_ENABLE_OBJC_ARC = YES;
				CLANG_ENABLE_OBJC_WEAK = YES;
				CLANG_WARN_BLOCK_CAPTURE_AUTORELEASING = YES;
				CLANG_WARN_BOOL_CONVERSION = YES;
				CLANG_WARN_COMMA = YES;
				CLANG_WARN_CONSTANT_CONVERSION = YES;
				CLANG_WARN_DEPRECATED_OBJC_IMPLEMENTATIONS = YES;
				CLANG_WARN_DIRECT_OBJC_ISA_USAGE = YES_ERROR;
				CLANG_WARN_DOCUMENTATION_COMMENTS = YES;
				CLANG_WARN_EMPTY_BODY = YES;
				CLANG_WARN_ENUM_CONVERSION = YES;
				CLANG_WARN_INFINITE_RECURSION = YES;
				CLANG_WARN_INT_CONVERSION = YES;
				CLANG_WARN_NON_LITERAL_NULL_CONVERSION = YES;
				CLANG_WARN_OBJC_IMPLICIT_RETAIN_SELF = YES;
				CLANG_WARN_OBJC_LITERAL_CONVERSION = YES;
				CLANG_WARN_OBJC_ROOT_CLASS = YES_ERROR;
				CLANG_WARN_QUOTED_INCLUDE_IN_FRAMEWORK_HEADER = YES;
				CLANG_WARN_RANGE_LOOP_ANALYSIS = YES;
				CLANG_WARN_STRICT_PROTOTYPES = YES;
				CLANG_WARN_SUSPICIOUS_MOVE = YES;
				CLANG_WARN_UNGUARDED_AVAILABILITY = YES_AGGRESSIVE;
				CLANG_WARN_UNREACHABLE_CODE = YES;
				CLANG_WARN__DUPLICATE_METHOD_MATCH = YES;
				COPY_PHASE_STRIP = NO;
				DEBUG_INFORMATION_FORMAT = "dwarf-with-dsym";
				ENABLE_NS_ASSERTIONS = NO;
				ENABLE_STRICT_OBJC_MSGSEND = YES;
				GCC_C_LANGUAGE_STANDARD = gnu11;
				GCC_NO_COMMON_BLOCKS = YES;
				GCC_WARN_64_TO_32_BIT_CONVERSION = YES;
				GCC_WARN_ABOUT_RETURN_TYPE = YES_ERROR;
				GCC_WARN_UNDECLARED_SELECTOR = YES;
				GCC_WARN_UNINITIALIZED_AUTOS = YES_AGGRESSIVE;
				GCC_WARN_UNUSED_FUNCTION = YES;
				GCC_WARN_UNUSED_VARIABLE = YES;
				IPHONEOS_DEPLOYMENT_TARGET = 15.2;
				MTL_ENABLE_DEBUG_INFO = NO;
				MTL_FAST_MATH = YES;
				SDKROOT = iphoneos;
				SWIFT_COMPILATION_MODE = wholemodule;
				SWIFT_OPTIMIZATION_LEVEL = "-O";
				VALIDATE_PRODUCT = YES;
			};
			name = Release;
		};
		FA64002D28D865BA00C9D104 /* Debug */ = {
			isa = XCBuildConfiguration;
			buildSettings = {
				ASSETCATALOG_COMPILER_APPICON_NAME = AppIcon;
				ASSETCATALOG_COMPILER_GLOBAL_ACCENT_COLOR_NAME = AccentColor;
				CODE_SIGN_STYLE = Automatic;
				CURRENT_PROJECT_VERSION = 1;
				DEVELOPMENT_TEAM = 4URKV6V579;
				GENERATE_INFOPLIST_FILE = YES;
				INFOPLIST_FILE = RickandMortyFinalAPP/Info.plist;
				INFOPLIST_KEY_UIApplicationSupportsIndirectInputEvents = YES;
				INFOPLIST_KEY_UILaunchStoryboardName = LaunchScreen;
				INFOPLIST_KEY_UIMainStoryboardFile = Main;
				INFOPLIST_KEY_UISupportedInterfaceOrientations_iPad = "UIInterfaceOrientationPortrait UIInterfaceOrientationPortraitUpsideDown UIInterfaceOrientationLandscapeLeft UIInterfaceOrientationLandscapeRight";
				INFOPLIST_KEY_UISupportedInterfaceOrientations_iPhone = "UIInterfaceOrientationPortrait UIInterfaceOrientationLandscapeLeft UIInterfaceOrientationLandscapeRight";
				LD_RUNPATH_SEARCH_PATHS = (
					"$(inherited)",
					"@executable_path/Frameworks",
				);
				MARKETING_VERSION = 1.0;
				PRODUCT_BUNDLE_IDENTIFIER = LazarevPavel.RickandMortyFinalAPP;
				PRODUCT_NAME = "$(TARGET_NAME)";
				SWIFT_EMIT_LOC_STRINGS = YES;
				SWIFT_VERSION = 5.0;
				TARGETED_DEVICE_FAMILY = 1;
			};
			name = Debug;
		};
		FA64002E28D865BA00C9D104 /* Release */ = {
			isa = XCBuildConfiguration;
			buildSettings = {
				ASSETCATALOG_COMPILER_APPICON_NAME = AppIcon;
				ASSETCATALOG_COMPILER_GLOBAL_ACCENT_COLOR_NAME = AccentColor;
				CODE_SIGN_STYLE = Automatic;
				CURRENT_PROJECT_VERSION = 1;
				DEVELOPMENT_TEAM = 4URKV6V579;
				GENERATE_INFOPLIST_FILE = YES;
				INFOPLIST_FILE = RickandMortyFinalAPP/Info.plist;
				INFOPLIST_KEY_UIApplicationSupportsIndirectInputEvents = YES;
				INFOPLIST_KEY_UILaunchStoryboardName = LaunchScreen;
				INFOPLIST_KEY_UIMainStoryboardFile = Main;
				INFOPLIST_KEY_UISupportedInterfaceOrientations_iPad = "UIInterfaceOrientationPortrait UIInterfaceOrientationPortraitUpsideDown UIInterfaceOrientationLandscapeLeft UIInterfaceOrientationLandscapeRight";
				INFOPLIST_KEY_UISupportedInterfaceOrientations_iPhone = "UIInterfaceOrientationPortrait UIInterfaceOrientationLandscapeLeft UIInterfaceOrientationLandscapeRight";
				LD_RUNPATH_SEARCH_PATHS = (
					"$(inherited)",
					"@executable_path/Frameworks",
				);
				MARKETING_VERSION = 1.0;
				PRODUCT_BUNDLE_IDENTIFIER = LazarevPavel.RickandMortyFinalAPP;
				PRODUCT_NAME = "$(TARGET_NAME)";
				SWIFT_EMIT_LOC_STRINGS = YES;
				SWIFT_VERSION = 5.0;
				TARGETED_DEVICE_FAMILY = 1;
			};
			name = Release;
		};
/* End XCBuildConfiguration section */

/* Begin XCConfigurationList section */
		FA64001328D865B900C9D104 /* Build configuration list for PBXProject "RickandMortyFinalAPP" */ = {
			isa = XCConfigurationList;
			buildConfigurations = (
				FA64002A28D865BA00C9D104 /* Debug */,
				FA64002B28D865BA00C9D104 /* Release */,
			);
			defaultConfigurationIsVisible = 0;
			defaultConfigurationName = Release;
		};
		FA64002C28D865BA00C9D104 /* Build configuration list for PBXNativeTarget "RickandMortyFinalAPP" */ = {
			isa = XCConfigurationList;
			buildConfigurations = (
				FA64002D28D865BA00C9D104 /* Debug */,
				FA64002E28D865BA00C9D104 /* Release */,
			);
			defaultConfigurationIsVisible = 0;
			defaultConfigurationName = Release;
		};
/* End XCConfigurationList section */
	};
	rootObject = FA64001028D865B900C9D104 /* Project object */;
}
